
Microsoft Visual Studio Solution File, Format Version 12.00
# Visual Studio 15
VisualStudioVersion = 15.0.28307.779
MinimumVisualStudioVersion = 10.0.40219.1
Project("{FAE04EC0-301F-11D3-BF4B-00C04F79EFBC}") = "HealthAssessment", "HealthAssessment\HealthAssessment.csproj", "{913D5F1D-D5E4-4EA3-B503-1EBAD675EE48}"
EndProject
Project("{FAE04EC0-301F-11D3-BF4B-00C04F79EFBC}") = "HealthAssessment.Tests", "HealthAssessment.Tests\HealthAssessment.Tests.csproj", "{7D522E60-7105-494F-B75B-B31CEFCBF47E}"
EndProject
Global
	GlobalSection(SolutionConfigurationPlatforms) = preSolution
		Debug|Any CPU = Debug|Any CPU
		Release|Any CPU = Release|Any CPU
	EndGlobalSection
	GlobalSection(ProjectConfigurationPlatforms) = postSolution
		{913D5F1D-D5E4-4EA3-B503-1EBAD675EE48}.Debug|Any CPU.ActiveCfg = Debug|Any CPU
		{913D5F1D-D5E4-4EA3-B503-1EBAD675EE48}.Debug|Any CPU.Build.0 = Debug|Any CPU
		{913D5F1D-D5E4-4EA3-B503-1EBAD675EE48}.Release|Any CPU.ActiveCfg = Release|Any CPU
		{913D5F1D-D5E4-4EA3-B503-1EBAD675EE48}.Release|Any CPU.Build.0 = Release|Any CPU
		{7D522E60-7105-494F-B75B-B31CEFCBF47E}.Debug|Any CPU.ActiveCfg = Debug|Any CPU
		{7D522E60-7105-494F-B75B-B31CEFCBF47E}.Debug|Any CPU.Build.0 = Debug|Any CPU
		{7D522E60-7105-494F-B75B-B31CEFCBF47E}.Release|Any CPU.ActiveCfg = Release|Any CPU
		{7D522E60-7105-494F-B75B-B31CEFCBF47E}.Release|Any CPU.Build.0 = Release|Any CPU
	EndGlobalSection
	GlobalSection(SolutionProperties) = preSolution
		HideSolutionNode = FALSE
	EndGlobalSection
	GlobalSection(ExtensibilityGlobals) = postSolution
		SolutionGuid = {FD5DFA47-5E04-435C-B8BD-436B285DB6CD}
	EndGlobalSection
EndGlobal
